
Microsoft Visual Studio Solution File, Format Version 12.00
# Visual Studio 15
VisualStudioVersion = 15.0.28307.1433
MinimumVisualStudioVersion = 10.0.40219.1
Project("{FAE04EC0-301F-11D3-BF4B-00C04F79EFBC}") = "SenhaFixa", "SenhaFixa\SenhaFixa.csproj", "{68581D92-6ECC-4235-807B-A45366080B37}"
EndProject
Global
	GlobalSection(SolutionConfigurationPlatforms) = preSolution
		Debug|Any CPU = Debug|Any CPU
		Release|Any CPU = Release|Any CPU
	EndGlobalSection
	GlobalSection(ProjectConfigurationPlatforms) = postSolution
		{68581D92-6ECC-4235-807B-A45366080B37}.Debug|Any CPU.ActiveCfg = Debug|Any CPU
		{68581D92-6ECC-4235-807B-A45366080B37}.Debug|Any CPU.Build.0 = Debug|Any CPU
		{68581D92-6ECC-4235-807B-A45366080B37}.Release|Any CPU.ActiveCfg = Release|Any CPU
		{68581D92-6ECC-4235-807B-A45366080B37}.Release|Any CPU.Build.0 = Release|Any CPU
	EndGlobalSection
	GlobalSection(SolutionProperties) = preSolution
		HideSolutionNode = FALSE
	EndGlobalSection
	GlobalSection(ExtensibilityGlobals) = postSolution
		SolutionGuid = {B9F5F1C8-CB16-400E-AAD0-5F5989056385}
	EndGlobalSection
EndGlobal
